
Microsoft Visual Studio Solution File, Format Version 12.00
# Visual Studio Version 17
VisualStudioVersion = 17.10.35027.167
MinimumVisualStudioVersion = 10.0.40219.1
Project("{FAE04EC0-301F-11D3-BF4B-00C04F79EFBC}") = "FurniFusion(E-Commerce)", "FurniFusion(E-Commerce)\FurniFusion(E-Commerce).csproj", "{23217BB2-9930-48C4-8256-1BAB19393B53}"
EndProject
Global
	GlobalSection(SolutionConfigurationPlatforms) = preSolution
		Debug|Any CPU = Debug|Any CPU
		Release|Any CPU = Release|Any CPU
	EndGlobalSection
	GlobalSection(ProjectConfigurationPlatforms) = postSolution
		{23217BB2-9930-48C4-8256-1BAB19393B53}.Debug|Any CPU.ActiveCfg = Debug|Any CPU
		{23217BB2-9930-48C4-8256-1BAB19393B53}.Debug|Any CPU.Build.0 = Debug|Any CPU
		{23217BB2-9930-48C4-8256-1BAB19393B53}.Release|Any CPU.ActiveCfg = Release|Any CPU
		{23217BB2-9930-48C4-8256-1BAB19393B53}.Release|Any CPU.Build.0 = Release|Any CPU
	EndGlobalSection
	GlobalSection(SolutionProperties) = preSolution
		HideSolutionNode = FALSE
	EndGlobalSection
	GlobalSection(ExtensibilityGlobals) = postSolution
		SolutionGuid = {51E07F46-3BD2-4846-80BB-C005B56DCFC7}
	EndGlobalSection
EndGlobal
